# This file was autogenerated by Stack.
# You should not edit this file by hand.
# For more information, please see the documentation at:
#   https://docs.haskellstack.org/en/stable/lock_files

packages:
- completed:
    hackage: argparser-0.3.4@sha256:f277e6d568e88f0698a0ce1f2dc719d90717ffe99c8622302f65389f2a8ed01c,1952
    pantry-tree:
      size: 1449
      sha256: 8c4dd60221760f9fdc9298baa72ff6cd4ed6ee32353141b04cf243d9286b314e
  original:
    hackage: argparser-0.3.4
- completed:
    hackage: hindent-5.3.0@sha256:ba915086b426771debeaf593df4bbd8ab187aff3bfe147cecf82274eec406a2c,3452
    pantry-tree:
      size: 1027
      sha256: 0fcf52c151e79ba5beeaa04afcc93e372eb13860ac82669e0fe744ba79b4f70c
  original:
    hackage: hindent-5.3.0
snapshots:
- completed:
    size: 500539
    url: https://raw.githubusercontent.com/commercialhaskell/stackage-snapshots/master/lts/13/27.yaml
    sha256: 690db832392afe55733b4c7023fd29b1b1c660ee42f1fb505b86b07394ca994e
  original: lts-13.27
